
Microsoft Visual Studio Solution File, Format Version 12.00
# Visual Studio Version 16
VisualStudioVersion = 16.0.31515.178
MinimumVisualStudioVersion = 10.0.40219.1
Project("{00D1A9C2-B5F0-4AF3-8072-F6C62B433612}") = "Form1NewUAT", "Form1NewUAT.sqlproj", "{27C7958A-9F17-4CBF-A0D9-3C2346B27C7E}"
EndProject
Global
	GlobalSection(SolutionConfigurationPlatforms) = preSolution
		Debug|Any CPU = Debug|Any CPU
		Release|Any CPU = Release|Any CPU
	EndGlobalSection
	GlobalSection(ProjectConfigurationPlatforms) = postSolution
		{27C7958A-9F17-4CBF-A0D9-3C2346B27C7E}.Debug|Any CPU.ActiveCfg = Debug|Any CPU
		{27C7958A-9F17-4CBF-A0D9-3C2346B27C7E}.Debug|Any CPU.Build.0 = Debug|Any CPU
		{27C7958A-9F17-4CBF-A0D9-3C2346B27C7E}.Debug|Any CPU.Deploy.0 = Debug|Any CPU
		{27C7958A-9F17-4CBF-A0D9-3C2346B27C7E}.Release|Any CPU.ActiveCfg = Release|Any CPU
		{27C7958A-9F17-4CBF-A0D9-3C2346B27C7E}.Release|Any CPU.Build.0 = Release|Any CPU
		{27C7958A-9F17-4CBF-A0D9-3C2346B27C7E}.Release|Any CPU.Deploy.0 = Release|Any CPU
	EndGlobalSection
	GlobalSection(SolutionProperties) = preSolution
		HideSolutionNode = FALSE
	EndGlobalSection
	GlobalSection(ExtensibilityGlobals) = postSolution
		SolutionGuid = {BAAE0561-79D0-4D9A-9D8A-7C922FB80C5D}
	EndGlobalSection
EndGlobal
